// !$*UTF8*$!
{
	archiveVersion = 1;
	classes = {
	};
	objectVersion = 77;
	objects = {

/* Begin PBXBuildFile section */
		BECAEC1B2ECC10130018053C /* FirebaseAuth in Frameworks */ = {isa = PBXBuildFile; productRef = BECAEC1A2ECC10130018053C /* FirebaseAuth */; };
		BECAEC1D2ECC10130018053C /* FirebaseCore in Frameworks */ = {isa = PBXBuildFile; productRef = BECAEC1C2ECC10130018053C /* FirebaseCore */; };
		BECAEC1F2ECC10130018053C /* FirebaseFirestore in Frameworks */ = {isa = PBXBuildFile; productRef = BECAEC1E2ECC10130018053C /* FirebaseFirestore */; };
		BECAED7A2ECD4D0F0018053C /* FirebaseAI in Frameworks */ = {isa = PBXBuildFile; productRef = BECAED792ECD4D0F0018053C /* FirebaseAI */; };
		BECAED7C2ECD4D0F0018053C /* FirebaseAILogic in Frameworks */ = {isa = PBXBuildFile; productRef = BECAED7B2ECD4D0F0018053C /* FirebaseAILogic */; };
		BECAED7E2ECD4D0F0018053C /* FirebaseAnalytics in Frameworks */ = {isa = PBXBuildFile; productRef = BECAED7D2ECD4D0F0018053C /* FirebaseAnalytics */; };
		BECAED802ECD4D0F0018053C /* FirebaseAnalyticsCore in Frameworks */ = {isa = PBXBuildFile; productRef = BECAED7F2ECD4D0F0018053C /* FirebaseAnalyticsCore */; };
		BECAED822ECD4D0F0018053C /* FirebaseAnalyticsIdentitySupport in Frameworks */ = {isa = PBXBuildFile; productRef = BECAED812ECD4D0F0018053C /* FirebaseAnalyticsIdentitySupport */; };
		BECAED842ECD4D0F0018053C /* FirebaseAppCheck in Frameworks */ = {isa = PBXBuildFile; productRef = BECAED832ECD4D0F0018053C /* FirebaseAppCheck */; };
		BECAED862ECD4D0F0018053C /* FirebaseAppDistribution-Beta in Frameworks */ = {isa = PBXBuildFile; productRef = BECAED852ECD4D0F0018053C /* FirebaseAppDistribution-Beta */; };
		BECAED882ECD4D0F0018053C /* FirebaseAuth in Frameworks */ = {isa = PBXBuildFile; productRef = BECAED872ECD4D0F0018053C /* FirebaseAuth */; };
		BECAED8A2ECD4D0F0018053C /* FirebaseAuthCombine-Community in Frameworks */ = {isa = PBXBuildFile; productRef = BECAED892ECD4D0F0018053C /* FirebaseAuthCombine-Community */; };
		BECAED8C2ECD4D0F0018053C /* FirebaseCore in Frameworks */ = {isa = PBXBuildFile; productRef = BECAED8B2ECD4D0F0018053C /* FirebaseCore */; };
		BECAED8E2ECD4D0F0018053C /* FirebaseCrashlytics in Frameworks */ = {isa = PBXBuildFile; productRef = BECAED8D2ECD4D0F0018053C /* FirebaseCrashlytics */; };
		BECAED902ECD4D0F0018053C /* FirebaseDatabase in Frameworks */ = {isa = PBXBuildFile; productRef = BECAED8F2ECD4D0F0018053C /* FirebaseDatabase */; };
		BECAED922ECD4D0F0018053C /* FirebaseFirestore in Frameworks */ = {isa = PBXBuildFile; productRef = BECAED912ECD4D0F0018053C /* FirebaseFirestore */; };
		BECAED942ECD4D0F0018053C /* FirebaseFirestoreCombine-Community in Frameworks */ = {isa = PBXBuildFile; productRef = BECAED932ECD4D0F0018053C /* FirebaseFirestoreCombine-Community */; };
		BECAED962ECD4D0F0018053C /* FirebaseFunctionsCombine-Community in Frameworks */ = {isa = PBXBuildFile; productRef = BECAED952ECD4D0F0018053C /* FirebaseFunctionsCombine-Community */; };
		BECAED9A2ECD4D0F0018053C /* FirebaseInstallations in Frameworks */ = {isa = PBXBuildFile; productRef = BECAED992ECD4D0F0018053C /* FirebaseInstallations */; };
		BECAED9C2ECD4D0F0018053C /* FirebaseMLModelDownloader in Frameworks */ = {isa = PBXBuildFile; productRef = BECAED9B2ECD4D0F0018053C /* FirebaseMLModelDownloader */; };
		BECAED9E2ECD4D0F0018053C /* FirebaseMessaging in Frameworks */ = {isa = PBXBuildFile; productRef = BECAED9D2ECD4D0F0018053C /* FirebaseMessaging */; };
		BECAEDA02ECD4D0F0018053C /* FirebasePerformance in Frameworks */ = {isa = PBXBuildFile; productRef = BECAED9F2ECD4D0F0018053C /* FirebasePerformance */; };
		BECAEDA22ECD4D0F0018053C /* FirebaseRemoteConfig in Frameworks */ = {isa = PBXBuildFile; productRef = BECAEDA12ECD4D0F0018053C /* FirebaseRemoteConfig */; };
		BECAEDA42ECD4D0F0018053C /* FirebaseStorage in Frameworks */ = {isa = PBXBuildFile; productRef = BECAEDA32ECD4D0F0018053C /* FirebaseStorage */; };
		BECAEDA62ECD4D0F0018053C /* FirebaseStorageCombine-Community in Frameworks */ = {isa = PBXBuildFile; productRef = BECAEDA52ECD4D0F0018053C /* FirebaseStorageCombine-Community */; };
		BECAEDA82ECD4D970018053C /* FirebaseAI in Frameworks */ = {isa = PBXBuildFile; productRef = BECAEDA72ECD4D970018053C /* FirebaseAI */; };
		BECAEDAA2ECD4D970018053C /* FirebaseAILogic in Frameworks */ = {isa = PBXBuildFile; productRef = BECAEDA92ECD4D970018053C /* FirebaseAILogic */; };
		BECAEDAC2ECD4D970018053C /* FirebaseAnalytics in Frameworks */ = {isa = PBXBuildFile; productRef = BECAEDAB2ECD4D970018053C /* FirebaseAnalytics */; };
		BECAEDAE2ECD4D970018053C /* FirebaseAnalyticsCore in Frameworks */ = {isa = PBXBuildFile; productRef = BECAEDAD2ECD4D970018053C /* FirebaseAnalyticsCore */; };
		BECAEDB02ECD4D970018053C /* FirebaseAnalyticsIdentitySupport in Frameworks */ = {isa = PBXBuildFile; productRef = BECAEDAF2ECD4D970018053C /* FirebaseAnalyticsIdentitySupport */; };
		BECAEDB22ECD4D970018053C /* FirebaseAppCheck in Frameworks */ = {isa = PBXBuildFile; productRef = BECAEDB12ECD4D970018053C /* FirebaseAppCheck */; };
		BECAEDB42ECD4D970018053C /* FirebaseAppDistribution-Beta in Frameworks */ = {isa = PBXBuildFile; productRef = BECAEDB32ECD4D970018053C /* FirebaseAppDistribution-Beta */; };
		BECAEDB62ECD4D970018053C /* FirebaseAuth in Frameworks */ = {isa = PBXBuildFile; productRef = BECAEDB52ECD4D970018053C /* FirebaseAuth */; };
		BECAEDB82ECD4D970018053C /* FirebaseAuthCombine-Community in Frameworks */ = {isa = PBXBuildFile; productRef = BECAEDB72ECD4D970018053C /* FirebaseAuthCombine-Community */; };
		BECAEDBA2ECD4D970018053C /* FirebaseCore in Frameworks */ = {isa = PBXBuildFile; productRef = BECAEDB92ECD4D970018053C /* FirebaseCore */; };
		BECAEDBC2ECD4D970018053C /* FirebaseCrashlytics in Frameworks */ = {isa = PBXBuildFile; productRef = BECAEDBB2ECD4D970018053C /* FirebaseCrashlytics */; };
		BECAEDBE2ECD4D970018053C /* FirebaseDatabase in Frameworks */ = {isa = PBXBuildFile; productRef = BECAEDBD2ECD4D970018053C /* FirebaseDatabase */; };
		BECAEDC02ECD4D970018053C /* FirebaseFirestore in Frameworks */ = {isa = PBXBuildFile; productRef = BECAEDBF2ECD4D970018053C /* FirebaseFirestore */; };
		BECAEDC22ECD4D970018053C /* FirebaseFirestoreCombine-Community in Frameworks */ = {isa = PBXBuildFile; productRef = BECAEDC12ECD4D970018053C /* FirebaseFirestoreCombine-Community */; };
		BECAEDC42ECD4D970018053C /* FirebaseFunctions in Frameworks */ = {isa = PBXBuildFile; productRef = BECAEDC32ECD4D970018053C /* FirebaseFunctions */; };
		BECAEDC62ECD4D970018053C /* FirebaseFunctionsCombine-Community in Frameworks */ = {isa = PBXBuildFile; productRef = BECAEDC52ECD4D970018053C /* FirebaseFunctionsCombine-Community */; };
		BECAEDCA2ECD4D970018053C /* FirebaseInstallations in Frameworks */ = {isa = PBXBuildFile; productRef = BECAEDC92ECD4D970018053C /* FirebaseInstallations */; };
		BECAEDCC2ECD4D970018053C /* FirebaseMLModelDownloader in Frameworks */ = {isa = PBXBuildFile; productRef = BECAEDCB2ECD4D970018053C /* FirebaseMLModelDownloader */; };
		BECAEDCE2ECD4D970018053C /* FirebaseMessaging in Frameworks */ = {isa = PBXBuildFile; productRef = BECAEDCD2ECD4D970018053C /* FirebaseMessaging */; };
		BECAEDD02ECD4D970018053C /* FirebasePerformance in Frameworks */ = {isa = PBXBuildFile; productRef = BECAEDCF2ECD4D970018053C /* FirebasePerformance */; };
		BECAEDD22ECD4D970018053C /* FirebaseRemoteConfig in Frameworks */ = {isa = PBXBuildFile; productRef = BECAEDD12ECD4D970018053C /* FirebaseRemoteConfig */; };
		BECAEDD42ECD4D970018053C /* FirebaseStorage in Frameworks */ = {isa = PBXBuildFile; productRef = BECAEDD32ECD4D970018053C /* FirebaseStorage */; };
		BECAEDD62ECD4D970018053C /* FirebaseStorageCombine-Community in Frameworks */ = {isa = PBXBuildFile; productRef = BECAEDD52ECD4D970018053C /* FirebaseStorageCombine-Community */; };
/* End PBXBuildFile section */

/* Begin PBXContainerItemProxy section */
		BED8D40C2ECB9D5E00863EFC /* PBXContainerItemProxy */ = {
			isa = PBXContainerItemProxy;
			containerPortal = BED8D3F62ECB9D5D00863EFC /* Project object */;
			proxyType = 1;
			remoteGlobalIDString = BED8D3FD2ECB9D5D00863EFC;
			remoteInfo = Oplix;
		};
		BED8D4162ECB9D5E00863EFC /* PBXContainerItemProxy */ = {
			isa = PBXContainerItemProxy;
			containerPortal = BED8D3F62ECB9D5D00863EFC /* Project object */;
			proxyType = 1;
			remoteGlobalIDString = BED8D3FD2ECB9D5D00863EFC;
			remoteInfo = Oplix;
		};
/* End PBXContainerItemProxy section */

/* Begin PBXFileReference section */
		BED8D3FE2ECB9D5D00863EFC /* Oplix.app */ = {isa = PBXFileReference; explicitFileType = wrapper.application; includeInIndex = 0; path = Oplix.app; sourceTree = BUILT_PRODUCTS_DIR; };
		BED8D40B2ECB9D5E00863EFC /* OplixTests.xctest */ = {isa = PBXFileReference; explicitFileType = wrapper.cfbundle; includeInIndex = 0; path = OplixTests.xctest; sourceTree = BUILT_PRODUCTS_DIR; };
		BED8D4152ECB9D5E00863EFC /* OplixUITests.xctest */ = {isa = PBXFileReference; explicitFileType = wrapper.cfbundle; includeInIndex = 0; path = OplixUITests.xctest; sourceTree = BUILT_PRODUCTS_DIR; };
/* End PBXFileReference section */

/* Begin PBXFileSystemSynchronizedRootGroup section */
		BED8D4002ECB9D5D00863EFC /* Oplix */ = {
			isa = PBXFileSystemSynchronizedRootGroup;
			path = Oplix;
			sourceTree = "<group>";
		};
		BED8D40E2ECB9D5E00863EFC /* OplixTests */ = {
			isa = PBXFileSystemSynchronizedRootGroup;
			path = OplixTests;
			sourceTree = "<group>";
		};
		BED8D4182ECB9D5E00863EFC /* OplixUITests */ = {
			isa = PBXFileSystemSynchronizedRootGroup;
			path = OplixUITests;
			sourceTree = "<group>";
		};
/* End PBXFileSystemSynchronizedRootGroup section */

/* Begin PBXFrameworksBuildPhase section */
		BED8D3FB2ECB9D5D00863EFC /* Frameworks */ = {
			isa = PBXFrameworksBuildPhase;
			buildActionMask = 2147483647;
			files = (
				BECAED902ECD4D0F0018053C /* FirebaseDatabase in Frameworks */,
				BECAED822ECD4D0F0018053C /* FirebaseAnalyticsIdentitySupport in Frameworks */,
				BECAEC1D2ECC10130018053C /* FirebaseCore in Frameworks */,
				BECAEDA42ECD4D0F0018053C /* FirebaseStorage in Frameworks */,
				BECAED7A2ECD4D0F0018053C /* FirebaseAI in Frameworks */,
				BECAEDB02ECD4D970018053C /* FirebaseAnalyticsIdentitySupport in Frameworks */,
				BECAED8E2ECD4D0F0018053C /* FirebaseCrashlytics in Frameworks */,
				BECAED922ECD4D0F0018053C /* FirebaseFirestore in Frameworks */,
				BECAEDAE2ECD4D970018053C /* FirebaseAnalyticsCore in Frameworks */,
				BECAED9C2ECD4D0F0018053C /* FirebaseMLModelDownloader in Frameworks */,
				BECAEDCA2ECD4D970018053C /* FirebaseInstallations in Frameworks */,
				BECAED7E2ECD4D0F0018053C /* FirebaseAnalytics in Frameworks */,
				BECAEC1B2ECC10130018053C /* FirebaseAuth in Frameworks */,
				BECAEC1F2ECC10130018053C /* FirebaseFirestore in Frameworks */,
				BECAEDA82ECD4D970018053C /* FirebaseAI in Frameworks */,
				BECAEDC02ECD4D970018053C /* FirebaseFirestore in Frameworks */,
				BECAED802ECD4D0F0018053C /* FirebaseAnalyticsCore in Frameworks */,
				BECAED8A2ECD4D0F0018053C /* FirebaseAuthCombine-Community in Frameworks */,
				BECAEDBE2ECD4D970018053C /* FirebaseDatabase in Frameworks */,
				BECAEDB22ECD4D970018053C /* FirebaseAppCheck in Frameworks */,
				BECAEDD62ECD4D970018053C /* FirebaseStorageCombine-Community in Frameworks */,
				BECAED962ECD4D0F0018053C /* FirebaseFunctionsCombine-Community in Frameworks */,
				BECAEDB82ECD4D970018053C /* FirebaseAuthCombine-Community in Frameworks */,
				BECAEDB62ECD4D970018053C /* FirebaseAuth in Frameworks */,
				BECAED942ECD4D0F0018053C /* FirebaseFirestoreCombine-Community in Frameworks */,
				BECAEDCE2ECD4D970018053C /* FirebaseMessaging in Frameworks */,
				BECAEDB42ECD4D970018053C /* FirebaseAppDistribution-Beta in Frameworks */,
				BECAEDA62ECD4D0F0018053C /* FirebaseStorageCombine-Community in Frameworks */,
				BECAEDA22ECD4D0F0018053C /* FirebaseRemoteConfig in Frameworks */,
				BECAED8C2ECD4D0F0018053C /* FirebaseCore in Frameworks */,
				BECAEDBC2ECD4D970018053C /* FirebaseCrashlytics in Frameworks */,
				BECAED882ECD4D0F0018053C /* FirebaseAuth in Frameworks */,
				BECAEDA02ECD4D0F0018053C /* FirebasePerformance in Frameworks */,
				BECAED862ECD4D0F0018053C /* FirebaseAppDistribution-Beta in Frameworks */,
				BECAED842ECD4D0F0018053C /* FirebaseAppCheck in Frameworks */,
				BECAEDC22ECD4D970018053C /* FirebaseFirestoreCombine-Community in Frameworks */,
				BECAEDAA2ECD4D970018053C /* FirebaseAILogic in Frameworks */,
				BECAEDC62ECD4D970018053C /* FirebaseFunctionsCombine-Community in Frameworks */,
				BECAEDD22ECD4D970018053C /* FirebaseRemoteConfig in Frameworks */,
				BECAED7C2ECD4D0F0018053C /* FirebaseAILogic in Frameworks */,
				BECAED9E2ECD4D0F0018053C /* FirebaseMessaging in Frameworks */,
				BECAEDC42ECD4D970018053C /* FirebaseFunctions in Frameworks */,
				BECAEDAC2ECD4D970018053C /* FirebaseAnalytics in Frameworks */,
				BECAEDCC2ECD4D970018053C /* FirebaseMLModelDownloader in Frameworks */,
				BECAEDBA2ECD4D970018053C /* FirebaseCore in Frameworks */,
				BECAEDD42ECD4D970018053C /* FirebaseStorage in Frameworks */,
				BECAEDD02ECD4D970018053C /* FirebasePerformance in Frameworks */,
				BECAED9A2ECD4D0F0018053C /* FirebaseInstallations in Frameworks */,
			);
			runOnlyForDeploymentPostprocessing = 0;
		};
		BED8D4082ECB9D5E00863EFC /* Frameworks */ = {
			isa = PBXFrameworksBuildPhase;
			buildActionMask = 2147483647;
			files = (
			);
			runOnlyForDeploymentPostprocessing = 0;
		};
		BED8D4122ECB9D5E00863EFC /* Frameworks */ = {
			isa = PBXFrameworksBuildPhase;
			buildActionMask = 2147483647;
			files = (
			);
			runOnlyForDeploymentPostprocessing = 0;
		};
/* End PBXFrameworksBuildPhase section */

/* Begin PBXGroup section */
		BED8D3F52ECB9D5D00863EFC = {
			isa = PBXGroup;
			children = (
				BED8D4002ECB9D5D00863EFC /* Oplix */,
				BED8D40E2ECB9D5E00863EFC /* OplixTests */,
				BED8D4182ECB9D5E00863EFC /* OplixUITests */,
				BED8D3FF2ECB9D5D00863EFC /* Products */,
			);
			sourceTree = "<group>";
		};
		BED8D3FF2ECB9D5D00863EFC /* Products */ = {
			isa = PBXGroup;
			children = (
				BED8D3FE2ECB9D5D00863EFC /* Oplix.app */,
				BED8D40B2ECB9D5E00863EFC /* OplixTests.xctest */,
				BED8D4152ECB9D5E00863EFC /* OplixUITests.xctest */,
			);
			name = Products;
			sourceTree = "<group>";
		};
/* End PBXGroup section */

/* Begin PBXNativeTarget section */
		BED8D3FD2ECB9D5D00863EFC /* Oplix */ = {
			isa = PBXNativeTarget;
			buildConfigurationList = BED8D41F2ECB9D5E00863EFC /* Build configuration list for PBXNativeTarget "Oplix" */;
			buildPhases = (
				BED8D3FA2ECB9D5D00863EFC /* Sources */,
				BED8D3FB2ECB9D5D00863EFC /* Frameworks */,
				BED8D3FC2ECB9D5D00863EFC /* Resources */,
			);
			buildRules = (
			);
			dependencies = (
			);
			fileSystemSynchronizedGroups = (
				BED8D4002ECB9D5D00863EFC /* Oplix */,
			);
			name = Oplix;
			productName = Oplix;
			productReference = BED8D3FE2ECB9D5D00863EFC /* Oplix.app */;
			productType = "com.apple.product-type.application";
		};
		BED8D40A2ECB9D5E00863EFC /* OplixTests */ = {
			isa = PBXNativeTarget;
			buildConfigurationList = BED8D4222ECB9D5E00863EFC /* Build configuration list for PBXNativeTarget "OplixTests" */;
			buildPhases = (
				BED8D4072ECB9D5E00863EFC /* Sources */,
				BED8D4082ECB9D5E00863EFC /* Frameworks */,
				BED8D4092ECB9D5E00863EFC /* Resources */,
			);
			buildRules = (
			);
			dependencies = (
				BED8D40D2ECB9D5E00863EFC /* PBXTargetDependency */,
			);
			fileSystemSynchronizedGroups = (
				BED8D40E2ECB9D5E00863EFC /* OplixTests */,
			);
			name = OplixTests;
			productName = OplixTests;
			productReference = BED8D40B2ECB9D5E00863EFC /* OplixTests.xctest */;
			productType = "com.apple.product-type.bundle.unit-test";
		};
		BED8D4142ECB9D5E00863EFC /* OplixUITests */ = {
			isa = PBXNativeTarget;
			buildConfigurationList = BED8D4252ECB9D5E00863EFC /* Build configuration list for PBXNativeTarget "OplixUITests" */;
			buildPhases = (
				BED8D4112ECB9D5E00863EFC /* Sources */,
				BED8D4122ECB9D5E00863EFC /* Frameworks */,
				BED8D4132ECB9D5E00863EFC /* Resources */,
			);
			buildRules = (
			);
			dependencies = (
				BED8D4172ECB9D5E00863EFC /* PBXTargetDependency */,
			);
			fileSystemSynchronizedGroups = (
				BED8D4182ECB9D5E00863EFC /* OplixUITests */,
			);
			name = OplixUITests;
			productName = OplixUITests;
			productReference = BED8D4152ECB9D5E00863EFC /* OplixUITests.xctest */;
			productType = "com.apple.product-type.bundle.ui-testing";
		};
/* End PBXNativeTarget section */

/* Begin PBXProject section */
		BED8D3F62ECB9D5D00863EFC /* Project object */ = {
			isa = PBXProject;
			attributes = {
				BuildIndependentTargetsInParallel = 1;
				LastSwiftUpdateCheck = 1640;
				LastUpgradeCheck = 1640;
				TargetAttributes = {
					BED8D3FD2ECB9D5D00863EFC = {
						CreatedOnToolsVersion = 16.4;
					};
					BED8D40A2ECB9D5E00863EFC = {
						CreatedOnToolsVersion = 16.4;
						TestTargetID = BED8D3FD2ECB9D5D00863EFC;
					};
					BED8D4142ECB9D5E00863EFC = {
						CreatedOnToolsVersion = 16.4;
						TestTargetID = BED8D3FD2ECB9D5D00863EFC;
					};
				};
			};
			buildConfigurationList = BED8D3F92ECB9D5D00863EFC /* Build configuration list for PBXProject "Oplix" */;
			developmentRegion = en;
			hasScannedForEncodings = 0;
			knownRegions = (
				en,
				Base,
			);
			mainGroup = BED8D3F52ECB9D5D00863EFC;
			minimizedProjectReferenceProxies = 1;
			packageReferences = (
				BECAEC192ECC10130018053C /* XCRemoteSwiftPackageReference "firebase-ios-sdk" */,
			);
			preferredProjectObjectVersion = 77;
			productRefGroup = BED8D3FF2ECB9D5D00863EFC /* Products */;
			projectDirPath = "";
			projectRoot = "";
			targets = (
				BED8D3FD2ECB9D5D00863EFC /* Oplix */,
				BED8D40A2ECB9D5E00863EFC /* OplixTests */,
				BED8D4142ECB9D5E00863EFC /* OplixUITests */,
			);
		};
/* End PBXProject section */

/* Begin PBXResourcesBuildPhase section */
		BED8D3FC2ECB9D5D00863EFC /* Resources */ = {
			isa = PBXResourcesBuildPhase;
			buildActionMask = 2147483647;
			files = (
			);
			runOnlyForDeploymentPostprocessing = 0;
		};
		BED8D4092ECB9D5E00863EFC /* Resources */ = {
			isa = PBXResourcesBuildPhase;
			buildActionMask = 2147483647;
			files = (
			);
			runOnlyForDeploymentPostprocessing = 0;
		};
		BED8D4132ECB9D5E00863EFC /* Resources */ = {
			isa = PBXResourcesBuildPhase;
			buildActionMask = 2147483647;
			files = (
			);
			runOnlyForDeploymentPostprocessing = 0;
		};
/* End PBXResourcesBuildPhase section */

/* Begin PBXSourcesBuildPhase section */
		BED8D3FA2ECB9D5D00863EFC /* Sources */ = {
			isa = PBXSourcesBuildPhase;
			buildActionMask = 2147483647;
			files = (
			);
			runOnlyForDeploymentPostprocessing = 0;
		};
		BED8D4072ECB9D5E00863EFC /* Sources */ = {
			isa = PBXSourcesBuildPhase;
			buildActionMask = 2147483647;
			files = (
			);
			runOnlyForDeploymentPostprocessing = 0;
		};
		BED8D4112ECB9D5E00863EFC /* Sources */ = {
			isa = PBXSourcesBuildPhase;
			buildActionMask = 2147483647;
			files = (
			);
			runOnlyForDeploymentPostprocessing = 0;
		};
/* End PBXSourcesBuildPhase section */

/* Begin PBXTargetDependency section */
		BED8D40D2ECB9D5E00863EFC /* PBXTargetDependency */ = {
			isa = PBXTargetDependency;
			target = BED8D3FD2ECB9D5D00863EFC /* Oplix */;
			targetProxy = BED8D40C2ECB9D5E00863EFC /* PBXContainerItemProxy */;
		};
		BED8D4172ECB9D5E00863EFC /* PBXTargetDependency */ = {
			isa = PBXTargetDependency;
			target = BED8D3FD2ECB9D5D00863EFC /* Oplix */;
			targetProxy = BED8D4162ECB9D5E00863EFC /* PBXContainerItemProxy */;
		};
/* End PBXTargetDependency section */

/* Begin XCBuildConfiguration section */
		BED8D41D2ECB9D5E00863EFC /* Debug */ = {
			isa = XCBuildConfiguration;
			buildSettings = {
				ALWAYS_SEARCH_USER_PATHS = NO;
				ASSETCATALOG_COMPILER_GENERATE_SWIFT_ASSET_SYMBOL_EXTENSIONS = YES;
				CLANG_ANALYZER_NONNULL = YES;
				CLANG_ANALYZER_NUMBER_OBJECT_CONVERSION = YES_AGGRESSIVE;
				CLANG_CXX_LANGUAGE_STANDARD = "gnu++20";
				CLANG_ENABLE_MODULES = YES;
				CLANG_ENABLE_OBJC_ARC = YES;
				CLANG_ENABLE_OBJC_WEAK = YES;
				CLANG_WARN_BLOCK_CAPTURE_AUTORELEASING = YES;
				CLANG_WARN_BOOL_CONVERSION = YES;
				CLANG_WARN_COMMA = YES;
				CLANG_WARN_CONSTANT_CONVERSION = YES;
				CLANG_WARN_DEPRECATED_OBJC_IMPLEMENTATIONS = YES;
				CLANG_WARN_DIRECT_OBJC_ISA_USAGE = YES_ERROR;
				CLANG_WARN_DOCUMENTATION_COMMENTS = YES;
				CLANG_WARN_EMPTY_BODY = YES;
				CLANG_WARN_ENUM_CONVERSION = YES;
				CLANG_WARN_INFINITE_RECURSION = YES;
				CLANG_WARN_INT_CONVERSION = YES;
				CLANG_WARN_NON_LITERAL_NULL_CONVERSION = YES;
				CLANG_WARN_OBJC_IMPLICIT_RETAIN_SELF = YES;
				CLANG_WARN_OBJC_LITERAL_CONVERSION = YES;
				CLANG_WARN_OBJC_ROOT_CLASS = YES_ERROR;
				CLANG_WARN_QUOTED_INCLUDE_IN_FRAMEWORK_HEADER = YES;
				CLANG_WARN_RANGE_LOOP_ANALYSIS = YES;
				CLANG_WARN_STRICT_PROTOTYPES = YES;
				CLANG_WARN_SUSPICIOUS_MOVE = YES;
				CLANG_WARN_UNGUARDED_AVAILABILITY = YES_AGGRESSIVE;
				CLANG_WARN_UNREACHABLE_CODE = YES;
				CLANG_WARN__DUPLICATE_METHOD_MATCH = YES;
				COPY_PHASE_STRIP = NO;
				DEBUG_INFORMATION_FORMAT = dwarf;
				DEVELOPMENT_TEAM = DTHF364HT2;
				ENABLE_STRICT_OBJC_MSGSEND = YES;
				ENABLE_TESTABILITY = YES;
				ENABLE_USER_SCRIPT_SANDBOXING = YES;
				GCC_C_LANGUAGE_STANDARD = gnu17;
				GCC_DYNAMIC_NO_PIC = NO;
				GCC_NO_COMMON_BLOCKS = YES;
				GCC_OPTIMIZATION_LEVEL = 0;
				GCC_PREPROCESSOR_DEFINITIONS = (
					"DEBUG=1",
					"$(inherited)",
				);
				GCC_WARN_64_TO_32_BIT_CONVERSION = YES;
				GCC_WARN_ABOUT_RETURN_TYPE = YES_ERROR;
				GCC_WARN_UNDECLARED_SELECTOR = YES;
				GCC_WARN_UNINITIALIZED_AUTOS = YES_AGGRESSIVE;
				GCC_WARN_UNUSED_FUNCTION = YES;
				GCC_WARN_UNUSED_VARIABLE = YES;
				IPHONEOS_DEPLOYMENT_TARGET = 18.5;
				LOCALIZATION_PREFERS_STRING_CATALOGS = YES;
				MTL_ENABLE_DEBUG_INFO = INCLUDE_SOURCE;
				MTL_FAST_MATH = YES;
				ONLY_ACTIVE_ARCH = YES;
				SDKROOT = iphoneos;
				SWIFT_ACTIVE_COMPILATION_CONDITIONS = "DEBUG $(inherited)";
				SWIFT_OPTIMIZATION_LEVEL = "-Onone";
			};
			name = Debug;
		};
		BED8D41E2ECB9D5E00863EFC /* Release */ = {
			isa = XCBuildConfiguration;
			buildSettings = {
				ALWAYS_SEARCH_USER_PATHS = NO;
				ASSETCATALOG_COMPILER_GENERATE_SWIFT_ASSET_SYMBOL_EXTENSIONS = YES;
				CLANG_ANALYZER_NONNULL = YES;
				CLANG_ANALYZER_NUMBER_OBJECT_CONVERSION = YES_AGGRESSIVE;
				CLANG_CXX_LANGUAGE_STANDARD = "gnu++20";
				CLANG_ENABLE_MODULES = YES;
				CLANG_ENABLE_OBJC_ARC = YES;
				CLANG_ENABLE_OBJC_WEAK = YES;
				CLANG_WARN_BLOCK_CAPTURE_AUTORELEASING = YES;
				CLANG_WARN_BOOL_CONVERSION = YES;
				CLANG_WARN_COMMA = YES;
				CLANG_WARN_CONSTANT_CONVERSION = YES;
				CLANG_WARN_DEPRECATED_OBJC_IMPLEMENTATIONS = YES;
				CLANG_WARN_DIRECT_OBJC_ISA_USAGE = YES_ERROR;
				CLANG_WARN_DOCUMENTATION_COMMENTS = YES;
				CLANG_WARN_EMPTY_BODY = YES;
				CLANG_WARN_ENUM_CONVERSION = YES;
				CLANG_WARN_INFINITE_RECURSION = YES;
				CLANG_WARN_INT_CONVERSION = YES;
				CLANG_WARN_NON_LITERAL_NULL_CONVERSION = YES;
				CLANG_WARN_OBJC_IMPLICIT_RETAIN_SELF = YES;
				CLANG_WARN_OBJC_LITERAL_CONVERSION = YES;
				CLANG_WARN_OBJC_ROOT_CLASS = YES_ERROR;
				CLANG_WARN_QUOTED_INCLUDE_IN_FRAMEWORK_HEADER = YES;
				CLANG_WARN_RANGE_LOOP_ANALYSIS = YES;
				CLANG_WARN_STRICT_PROTOTYPES = YES;
				CLANG_WARN_SUSPICIOUS_MOVE = YES;
				CLANG_WARN_UNGUARDED_AVAILABILITY = YES_AGGRESSIVE;
				CLANG_WARN_UNREACHABLE_CODE = YES;
				CLANG_WARN__DUPLICATE_METHOD_MATCH = YES;
				COPY_PHASE_STRIP = NO;
				DEBUG_INFORMATION_FORMAT = "dwarf-with-dsym";
				DEVELOPMENT_TEAM = DTHF364HT2;
				ENABLE_NS_ASSERTIONS = NO;
				ENABLE_STRICT_OBJC_MSGSEND = YES;
				ENABLE_USER_SCRIPT_SANDBOXING = YES;
				GCC_C_LANGUAGE_STANDARD = gnu17;
				GCC_NO_COMMON_BLOCKS = YES;
				GCC_WARN_64_TO_32_BIT_CONVERSION = YES;
				GCC_WARN_ABOUT_RETURN_TYPE = YES_ERROR;
				GCC_WARN_UNDECLARED_SELECTOR = YES;
				GCC_WARN_UNINITIALIZED_AUTOS = YES_AGGRESSIVE;
				GCC_WARN_UNUSED_FUNCTION = YES;
				GCC_WARN_UNUSED_VARIABLE = YES;
				IPHONEOS_DEPLOYMENT_TARGET = 18.5;
				LOCALIZATION_PREFERS_STRING_CATALOGS = YES;
				MTL_ENABLE_DEBUG_INFO = NO;
				MTL_FAST_MATH = YES;
				SDKROOT = iphoneos;
				SWIFT_COMPILATION_MODE = wholemodule;
				VALIDATE_PRODUCT = YES;
			};
			name = Release;
		};
		BED8D4202ECB9D5E00863EFC /* Debug */ = {
			isa = XCBuildConfiguration;
			buildSettings = {
				ASSETCATALOG_COMPILER_APPICON_NAME = AppIcon;
				ASSETCATALOG_COMPILER_GLOBAL_ACCENT_COLOR_NAME = AccentColor;
				CODE_SIGN_STYLE = Automatic;
				CURRENT_PROJECT_VERSION = 1;
				DEVELOPMENT_TEAM = DTHF364HT2;
				ENABLE_PREVIEWS = YES;
				GENERATE_INFOPLIST_FILE = YES;
				INFOPLIST_KEY_NSCameraUsageDescription = "Oplix needs access to your camera to capture photos when completing tasks.";
				INFOPLIST_KEY_NSPhotoLibraryUsageDescription = "Oplix needs access to your photo library to select photos when completing tasks.";
				INFOPLIST_KEY_UIApplicationSceneManifest_Generation = YES;
				INFOPLIST_KEY_UIApplicationSupportsIndirectInputEvents = YES;
				INFOPLIST_KEY_UILaunchScreen_Generation = YES;
				INFOPLIST_KEY_UISupportedInterfaceOrientations_iPad = "UIInterfaceOrientationPortrait UIInterfaceOrientationPortraitUpsideDown UIInterfaceOrientationLandscapeLeft UIInterfaceOrientationLandscapeRight";
				INFOPLIST_KEY_UISupportedInterfaceOrientations_iPhone = "UIInterfaceOrientationPortrait UIInterfaceOrientationLandscapeLeft UIInterfaceOrientationLandscapeRight";
				LD_RUNPATH_SEARCH_PATHS = (
					"$(inherited)",
					"@executable_path/Frameworks",
				);
				MARKETING_VERSION = 1.0;
				PRODUCT_BUNDLE_IDENTIFIER = tech.Oplix;
				PRODUCT_NAME = "$(TARGET_NAME)";
				SWIFT_EMIT_LOC_STRINGS = YES;
				SWIFT_VERSION = 5.0;
				TARGETED_DEVICE_FAMILY = "1,2";
			};
			name = Debug;
		};
		BED8D4212ECB9D5E00863EFC /* Release */ = {
			isa = XCBuildConfiguration;
			buildSettings = {
				ASSETCATALOG_COMPILER_APPICON_NAME = AppIcon;
				ASSETCATALOG_COMPILER_GLOBAL_ACCENT_COLOR_NAME = AccentColor;
				CODE_SIGN_STYLE = Automatic;
				CURRENT_PROJECT_VERSION = 1;
				DEVELOPMENT_TEAM = DTHF364HT2;
				ENABLE_PREVIEWS = YES;
				GENERATE_INFOPLIST_FILE = YES;
				INFOPLIST_KEY_NSCameraUsageDescription = "Oplix needs access to your camera to capture photos when completing tasks.";
				INFOPLIST_KEY_NSPhotoLibraryUsageDescription = "Oplix needs access to your photo library to select photos when completing tasks.";
				INFOPLIST_KEY_UIApplicationSceneManifest_Generation = YES;
				INFOPLIST_KEY_UIApplicationSupportsIndirectInputEvents = YES;
				INFOPLIST_KEY_UILaunchScreen_Generation = YES;
				INFOPLIST_KEY_UISupportedInterfaceOrientations_iPad = "UIInterfaceOrientationPortrait UIInterfaceOrientationPortraitUpsideDown UIInterfaceOrientationLandscapeLeft UIInterfaceOrientationLandscapeRight";
				INFOPLIST_KEY_UISupportedInterfaceOrientations_iPhone = "UIInterfaceOrientationPortrait UIInterfaceOrientationLandscapeLeft UIInterfaceOrientationLandscapeRight";
				LD_RUNPATH_SEARCH_PATHS = (
					"$(inherited)",
					"@executable_path/Frameworks",
				);
				MARKETING_VERSION = 1.0;
				PRODUCT_BUNDLE_IDENTIFIER = tech.Oplix;
				PRODUCT_NAME = "$(TARGET_NAME)";
				SWIFT_EMIT_LOC_STRINGS = YES;
				SWIFT_VERSION = 5.0;
				TARGETED_DEVICE_FAMILY = "1,2";
			};
			name = Release;
		};
		BED8D4232ECB9D5E00863EFC /* Debug */ = {
			isa = XCBuildConfiguration;
			buildSettings = {
				BUNDLE_LOADER = "$(TEST_HOST)";
				CODE_SIGN_STYLE = Automatic;
				CURRENT_PROJECT_VERSION = 1;
				DEVELOPMENT_TEAM = DTHF364HT2;
				GENERATE_INFOPLIST_FILE = YES;
				IPHONEOS_DEPLOYMENT_TARGET = 18.5;
				MARKETING_VERSION = 1.0;
				PRODUCT_BUNDLE_IDENTIFIER = tech.OplixTests;
				PRODUCT_NAME = "$(TARGET_NAME)";
				SWIFT_EMIT_LOC_STRINGS = NO;
				SWIFT_VERSION = 5.0;
				TARGETED_DEVICE_FAMILY = "1,2";
				TEST_HOST = "$(BUILT_PRODUCTS_DIR)/Oplix.app/$(BUNDLE_EXECUTABLE_FOLDER_PATH)/Oplix";
			};
			name = Debug;
		};
		BED8D4242ECB9D5E00863EFC /* Release */ = {
			isa = XCBuildConfiguration;
			buildSettings = {
				BUNDLE_LOADER = "$(TEST_HOST)";
				CODE_SIGN_STYLE = Automatic;
				CURRENT_PROJECT_VERSION = 1;
				DEVELOPMENT_TEAM = DTHF364HT2;
				GENERATE_INFOPLIST_FILE = YES;
				IPHONEOS_DEPLOYMENT_TARGET = 18.5;
				MARKETING_VERSION = 1.0;
				PRODUCT_BUNDLE_IDENTIFIER = tech.OplixTests;
				PRODUCT_NAME = "$(TARGET_NAME)";
				SWIFT_EMIT_LOC_STRINGS = NO;
				SWIFT_VERSION = 5.0;
				TARGETED_DEVICE_FAMILY = "1,2";
				TEST_HOST = "$(BUILT_PRODUCTS_DIR)/Oplix.app/$(BUNDLE_EXECUTABLE_FOLDER_PATH)/Oplix";
			};
			name = Release;
		};
		BED8D4262ECB9D5E00863EFC /* Debug */ = {
			isa = XCBuildConfiguration;
			buildSettings = {
				CODE_SIGN_STYLE = Automatic;
				CURRENT_PROJECT_VERSION = 1;
				DEVELOPMENT_TEAM = DTHF364HT2;
				GENERATE_INFOPLIST_FILE = YES;
				MARKETING_VERSION = 1.0;
				PRODUCT_BUNDLE_IDENTIFIER = tech.OplixUITests;
				PRODUCT_NAME = "$(TARGET_NAME)";
				SWIFT_EMIT_LOC_STRINGS = NO;
				SWIFT_VERSION = 5.0;
				TARGETED_DEVICE_FAMILY = "1,2";
				TEST_TARGET_NAME = Oplix;
			};
			name = Debug;
		};
		BED8D4272ECB9D5E00863EFC /* Release */ = {
			isa = XCBuildConfiguration;
			buildSettings = {
				CODE_SIGN_STYLE = Automatic;
				CURRENT_PROJECT_VERSION = 1;
				DEVELOPMENT_TEAM = DTHF364HT2;
				GENERATE_INFOPLIST_FILE = YES;
				MARKETING_VERSION = 1.0;
				PRODUCT_BUNDLE_IDENTIFIER = tech.OplixUITests;
				PRODUCT_NAME = "$(TARGET_NAME)";
				SWIFT_EMIT_LOC_STRINGS = NO;
				SWIFT_VERSION = 5.0;
				TARGETED_DEVICE_FAMILY = "1,2";
				TEST_TARGET_NAME = Oplix;
			};
			name = Release;
		};
/* End XCBuildConfiguration section */

/* Begin XCConfigurationList section */
		BED8D3F92ECB9D5D00863EFC /* Build configuration list for PBXProject "Oplix" */ = {
			isa = XCConfigurationList;
			buildConfigurations = (
				BED8D41D2ECB9D5E00863EFC /* Debug */,
				BED8D41E2ECB9D5E00863EFC /* Release */,
			);
			defaultConfigurationIsVisible = 0;
			defaultConfigurationName = Release;
		};
		BED8D41F2ECB9D5E00863EFC /* Build configuration list for PBXNativeTarget "Oplix" */ = {
			isa = XCConfigurationList;
			buildConfigurations = (
				BED8D4202ECB9D5E00863EFC /* Debug */,
				BED8D4212ECB9D5E00863EFC /* Release */,
			);
			defaultConfigurationIsVisible = 0;
			defaultConfigurationName = Release;
		};
		BED8D4222ECB9D5E00863EFC /* Build configuration list for PBXNativeTarget "OplixTests" */ = {
			isa = XCConfigurationList;
			buildConfigurations = (
				BED8D4232ECB9D5E00863EFC /* Debug */,
				BED8D4242ECB9D5E00863EFC /* Release */,
			);
			defaultConfigurationIsVisible = 0;
			defaultConfigurationName = Release;
		};
		BED8D4252ECB9D5E00863EFC /* Build configuration list for PBXNativeTarget "OplixUITests" */ = {
			isa = XCConfigurationList;
			buildConfigurations = (
				BED8D4262ECB9D5E00863EFC /* Debug */,
				BED8D4272ECB9D5E00863EFC /* Release */,
			);
			defaultConfigurationIsVisible = 0;
			defaultConfigurationName = Release;
		};
/* End XCConfigurationList section */

/* Begin XCRemoteSwiftPackageReference section */
		BECAEC192ECC10130018053C /* XCRemoteSwiftPackageReference "firebase-ios-sdk" */ = {
			isa = XCRemoteSwiftPackageReference;
			repositoryURL = "https://github.com/firebase/firebase-ios-sdk";
			requirement = {
				kind = upToNextMajorVersion;
				minimumVersion = 12.6.0;
			};
		};
/* End XCRemoteSwiftPackageReference section */

/* Begin XCSwiftPackageProductDependency section */
		BECAEC1A2ECC10130018053C /* FirebaseAuth */ = {
			isa = XCSwiftPackageProductDependency;
			package = BECAEC192ECC10130018053C /* XCRemoteSwiftPackageReference "firebase-ios-sdk" */;
			productName = FirebaseAuth;
		};
		BECAEC1C2ECC10130018053C /* FirebaseCore */ = {
			isa = XCSwiftPackageProductDependency;
			package = BECAEC192ECC10130018053C /* XCRemoteSwiftPackageReference "firebase-ios-sdk" */;
			productName = FirebaseCore;
		};
		BECAEC1E2ECC10130018053C /* FirebaseFirestore */ = {
			isa = XCSwiftPackageProductDependency;
			package = BECAEC192ECC10130018053C /* XCRemoteSwiftPackageReference "firebase-ios-sdk" */;
			productName = FirebaseFirestore;
		};
		BECAED792ECD4D0F0018053C /* FirebaseAI */ = {
			isa = XCSwiftPackageProductDependency;
			package = BECAEC192ECC10130018053C /* XCRemoteSwiftPackageReference "firebase-ios-sdk" */;
			productName = FirebaseAI;
		};
		BECAED7B2ECD4D0F0018053C /* FirebaseAILogic */ = {
			isa = XCSwiftPackageProductDependency;
			package = BECAEC192ECC10130018053C /* XCRemoteSwiftPackageReference "firebase-ios-sdk" */;
			productName = FirebaseAILogic;
		};
		BECAED7D2ECD4D0F0018053C /* FirebaseAnalytics */ = {
			isa = XCSwiftPackageProductDependency;
			package = BECAEC192ECC10130018053C /* XCRemoteSwiftPackageReference "firebase-ios-sdk" */;
			productName = FirebaseAnalytics;
		};
		BECAED7F2ECD4D0F0018053C /* FirebaseAnalyticsCore */ = {
			isa = XCSwiftPackageProductDependency;
			package = BECAEC192ECC10130018053C /* XCRemoteSwiftPackageReference "firebase-ios-sdk" */;
			productName = FirebaseAnalyticsCore;
		};
		BECAED812ECD4D0F0018053C /* FirebaseAnalyticsIdentitySupport */ = {
			isa = XCSwiftPackageProductDependency;
			package = BECAEC192ECC10130018053C /* XCRemoteSwiftPackageReference "firebase-ios-sdk" */;
			productName = FirebaseAnalyticsIdentitySupport;
		};
		BECAED832ECD4D0F0018053C /* FirebaseAppCheck */ = {
			isa = XCSwiftPackageProductDependency;
			package = BECAEC192ECC10130018053C /* XCRemoteSwiftPackageReference "firebase-ios-sdk" */;
			productName = FirebaseAppCheck;
		};
		BECAED852ECD4D0F0018053C /* FirebaseAppDistribution-Beta */ = {
			isa = XCSwiftPackageProductDependency;
			package = BECAEC192ECC10130018053C /* XCRemoteSwiftPackageReference "firebase-ios-sdk" */;
			productName = "FirebaseAppDistribution-Beta";
		};
		BECAED872ECD4D0F0018053C /* FirebaseAuth */ = {
			isa = XCSwiftPackageProductDependency;
			package = BECAEC192ECC10130018053C /* XCRemoteSwiftPackageReference "firebase-ios-sdk" */;
			productName = FirebaseAuth;
		};
		BECAED892ECD4D0F0018053C /* FirebaseAuthCombine-Community */ = {
			isa = XCSwiftPackageProductDependency;
			package = BECAEC192ECC10130018053C /* XCRemoteSwiftPackageReference "firebase-ios-sdk" */;
			productName = "FirebaseAuthCombine-Community";
		};
		BECAED8B2ECD4D0F0018053C /* FirebaseCore */ = {
			isa = XCSwiftPackageProductDependency;
			package = BECAEC192ECC10130018053C /* XCRemoteSwiftPackageReference "firebase-ios-sdk" */;
			productName = FirebaseCore;
		};
		BECAED8D2ECD4D0F0018053C /* FirebaseCrashlytics */ = {
			isa = XCSwiftPackageProductDependency;
			package = BECAEC192ECC10130018053C /* XCRemoteSwiftPackageReference "firebase-ios-sdk" */;
			productName = FirebaseCrashlytics;
		};
		BECAED8F2ECD4D0F0018053C /* FirebaseDatabase */ = {
			isa = XCSwiftPackageProductDependency;
			package = BECAEC192ECC10130018053C /* XCRemoteSwiftPackageReference "firebase-ios-sdk" */;
			productName = FirebaseDatabase;
		};
		BECAED912ECD4D0F0018053C /* FirebaseFirestore */ = {
			isa = XCSwiftPackageProductDependency;
			package = BECAEC192ECC10130018053C /* XCRemoteSwiftPackageReference "firebase-ios-sdk" */;
			productName = FirebaseFirestore;
		};
		BECAED932ECD4D0F0018053C /* FirebaseFirestoreCombine-Community */ = {
			isa = XCSwiftPackageProductDependency;
			package = BECAEC192ECC10130018053C /* XCRemoteSwiftPackageReference "firebase-ios-sdk" */;
			productName = "FirebaseFirestoreCombine-Community";
		};
		BECAED952ECD4D0F0018053C /* FirebaseFunctionsCombine-Community */ = {
			isa = XCSwiftPackageProductDependency;
			package = BECAEC192ECC10130018053C /* XCRemoteSwiftPackageReference "firebase-ios-sdk" */;
			productName = "FirebaseFunctionsCombine-Community";
		};
		BECAED992ECD4D0F0018053C /* FirebaseInstallations */ = {
			isa = XCSwiftPackageProductDependency;
			package = BECAEC192ECC10130018053C /* XCRemoteSwiftPackageReference "firebase-ios-sdk" */;
			productName = FirebaseInstallations;
		};
		BECAED9B2ECD4D0F0018053C /* FirebaseMLModelDownloader */ = {
			isa = XCSwiftPackageProductDependency;
			package = BECAEC192ECC10130018053C /* XCRemoteSwiftPackageReference "firebase-ios-sdk" */;
			productName = FirebaseMLModelDownloader;
		};
		BECAED9D2ECD4D0F0018053C /* FirebaseMessaging */ = {
			isa = XCSwiftPackageProductDependency;
			package = BECAEC192ECC10130018053C /* XCRemoteSwiftPackageReference "firebase-ios-sdk" */;
			productName = FirebaseMessaging;
		};
		BECAED9F2ECD4D0F0018053C /* FirebasePerformance */ = {
			isa = XCSwiftPackageProductDependency;
			package = BECAEC192ECC10130018053C /* XCRemoteSwiftPackageReference "firebase-ios-sdk" */;
			productName = FirebasePerformance;
		};
		BECAEDA12ECD4D0F0018053C /* FirebaseRemoteConfig */ = {
			isa = XCSwiftPackageProductDependency;
			package = BECAEC192ECC10130018053C /* XCRemoteSwiftPackageReference "firebase-ios-sdk" */;
			productName = FirebaseRemoteConfig;
		};
		BECAEDA32ECD4D0F0018053C /* FirebaseStorage */ = {
			isa = XCSwiftPackageProductDependency;
			package = BECAEC192ECC10130018053C /* XCRemoteSwiftPackageReference "firebase-ios-sdk" */;
			productName = FirebaseStorage;
		};
		BECAEDA52ECD4D0F0018053C /* FirebaseStorageCombine-Community */ = {
			isa = XCSwiftPackageProductDependency;
			package = BECAEC192ECC10130018053C /* XCRemoteSwiftPackageReference "firebase-ios-sdk" */;
			productName = "FirebaseStorageCombine-Community";
		};
		BECAEDA72ECD4D970018053C /* FirebaseAI */ = {
			isa = XCSwiftPackageProductDependency;
			package = BECAEC192ECC10130018053C /* XCRemoteSwiftPackageReference "firebase-ios-sdk" */;
			productName = FirebaseAI;
		};
		BECAEDA92ECD4D970018053C /* FirebaseAILogic */ = {
			isa = XCSwiftPackageProductDependency;
			package = BECAEC192ECC10130018053C /* XCRemoteSwiftPackageReference "firebase-ios-sdk" */;
			productName = FirebaseAILogic;
		};
		BECAEDAB2ECD4D970018053C /* FirebaseAnalytics */ = {
			isa = XCSwiftPackageProductDependency;
			package = BECAEC192ECC10130018053C /* XCRemoteSwiftPackageReference "firebase-ios-sdk" */;
			productName = FirebaseAnalytics;
		};
		BECAEDAD2ECD4D970018053C /* FirebaseAnalyticsCore */ = {
			isa = XCSwiftPackageProductDependency;
			package = BECAEC192ECC10130018053C /* XCRemoteSwiftPackageReference "firebase-ios-sdk" */;
			productName = FirebaseAnalyticsCore;
		};
		BECAEDAF2ECD4D970018053C /* FirebaseAnalyticsIdentitySupport */ = {
			isa = XCSwiftPackageProductDependency;
			package = BECAEC192ECC10130018053C /* XCRemoteSwiftPackageReference "firebase-ios-sdk" */;
			productName = FirebaseAnalyticsIdentitySupport;
		};
		BECAEDB12ECD4D970018053C /* FirebaseAppCheck */ = {
			isa = XCSwiftPackageProductDependency;
			package = BECAEC192ECC10130018053C /* XCRemoteSwiftPackageReference "firebase-ios-sdk" */;
			productName = FirebaseAppCheck;
		};
		BECAEDB32ECD4D970018053C /* FirebaseAppDistribution-Beta */ = {
			isa = XCSwiftPackageProductDependency;
			package = BECAEC192ECC10130018053C /* XCRemoteSwiftPackageReference "firebase-ios-sdk" */;
			productName = "FirebaseAppDistribution-Beta";
		};
		BECAEDB52ECD4D970018053C /* FirebaseAuth */ = {
			isa = XCSwiftPackageProductDependency;
			package = BECAEC192ECC10130018053C /* XCRemoteSwiftPackageReference "firebase-ios-sdk" */;
			productName = FirebaseAuth;
		};
		BECAEDB72ECD4D970018053C /* FirebaseAuthCombine-Community */ = {
			isa = XCSwiftPackageProductDependency;
			package = BECAEC192ECC10130018053C /* XCRemoteSwiftPackageReference "firebase-ios-sdk" */;
			productName = "FirebaseAuthCombine-Community";
		};
		BECAEDB92ECD4D970018053C /* FirebaseCore */ = {
			isa = XCSwiftPackageProductDependency;
			package = BECAEC192ECC10130018053C /* XCRemoteSwiftPackageReference "firebase-ios-sdk" */;
			productName = FirebaseCore;
		};
		BECAEDBB2ECD4D970018053C /* FirebaseCrashlytics */ = {
			isa = XCSwiftPackageProductDependency;
			package = BECAEC192ECC10130018053C /* XCRemoteSwiftPackageReference "firebase-ios-sdk" */;
			productName = FirebaseCrashlytics;
		};
		BECAEDBD2ECD4D970018053C /* FirebaseDatabase */ = {
			isa = XCSwiftPackageProductDependency;
			package = BECAEC192ECC10130018053C /* XCRemoteSwiftPackageReference "firebase-ios-sdk" */;
			productName = FirebaseDatabase;
		};
		BECAEDBF2ECD4D970018053C /* FirebaseFirestore */ = {
			isa = XCSwiftPackageProductDependency;
			package = BECAEC192ECC10130018053C /* XCRemoteSwiftPackageReference "firebase-ios-sdk" */;
			productName = FirebaseFirestore;
		};
		BECAEDC12ECD4D970018053C /* FirebaseFirestoreCombine-Community */ = {
			isa = XCSwiftPackageProductDependency;
			package = BECAEC192ECC10130018053C /* XCRemoteSwiftPackageReference "firebase-ios-sdk" */;
			productName = "FirebaseFirestoreCombine-Community";
		};
		BECAEDC32ECD4D970018053C /* FirebaseFunctions */ = {
			isa = XCSwiftPackageProductDependency;
			package = BECAEC192ECC10130018053C /* XCRemoteSwiftPackageReference "firebase-ios-sdk" */;
			productName = FirebaseFunctions;
		};
		BECAEDC52ECD4D970018053C /* FirebaseFunctionsCombine-Community */ = {
			isa = XCSwiftPackageProductDependency;
			package = BECAEC192ECC10130018053C /* XCRemoteSwiftPackageReference "firebase-ios-sdk" */;
			productName = "FirebaseFunctionsCombine-Community";
		};
		BECAEDC92ECD4D970018053C /* FirebaseInstallations */ = {
			isa = XCSwiftPackageProductDependency;
			package = BECAEC192ECC10130018053C /* XCRemoteSwiftPackageReference "firebase-ios-sdk" */;
			productName = FirebaseInstallations;
		};
		BECAEDCB2ECD4D970018053C /* FirebaseMLModelDownloader */ = {
			isa = XCSwiftPackageProductDependency;
			package = BECAEC192ECC10130018053C /* XCRemoteSwiftPackageReference "firebase-ios-sdk" */;
			productName = FirebaseMLModelDownloader;
		};
		BECAEDCD2ECD4D970018053C /* FirebaseMessaging */ = {
			isa = XCSwiftPackageProductDependency;
			package = BECAEC192ECC10130018053C /* XCRemoteSwiftPackageReference "firebase-ios-sdk" */;
			productName = FirebaseMessaging;
		};
		BECAEDCF2ECD4D970018053C /* FirebasePerformance */ = {
			isa = XCSwiftPackageProductDependency;
			package = BECAEC192ECC10130018053C /* XCRemoteSwiftPackageReference "firebase-ios-sdk" */;
			productName = FirebasePerformance;
		};
		BECAEDD12ECD4D970018053C /* FirebaseRemoteConfig */ = {
			isa = XCSwiftPackageProductDependency;
			package = BECAEC192ECC10130018053C /* XCRemoteSwiftPackageReference "firebase-ios-sdk" */;
			productName = FirebaseRemoteConfig;
		};
		BECAEDD32ECD4D970018053C /* FirebaseStorage */ = {
			isa = XCSwiftPackageProductDependency;
			package = BECAEC192ECC10130018053C /* XCRemoteSwiftPackageReference "firebase-ios-sdk" */;
			productName = FirebaseStorage;
		};
		BECAEDD52ECD4D970018053C /* FirebaseStorageCombine-Community */ = {
			isa = XCSwiftPackageProductDependency;
			package = BECAEC192ECC10130018053C /* XCRemoteSwiftPackageReference "firebase-ios-sdk" */;
			productName = "FirebaseStorageCombine-Community";
		};
/* End XCSwiftPackageProductDependency section */
	};
	rootObject = BED8D3F62ECB9D5D00863EFC /* Project object */;
}
